<?xml version="1.0" encoding="utf-8"?>
<Project ToolsVersion="4.0" xmlns="http://schemas.microsoft.com/developer/msbuild/2003">
  <ItemGroup>
    <Filter Include="Source Files">
      <UniqueIdentifier>{4FC737F1-C7A5-4376-A066-2A32D752A2FF}</UniqueIdentifier>
      <Extensions>cpp;c;cc;cxx;c++;def;odl;idl;hpj;bat;asm;asmx</Extensions>
    </Filter>
  </ItemGroup>
  <ItemGroup>
    <ClCompile Include="Main.cpp">
      <Filter>Source Files</Filter>
    </ClCompile>
    <ClCompile Include="C++\Templates.cpp">
      <Filter>Source Files</Filter>
    </ClCompile>
    <ClCompile Include="C++\String.cpp">
      <Filter>Source Files</Filter>
    </ClCompile>
    <ClCompile Include="C++\Inheritance.cpp">
      <Filter>Source Files</Filter>
    </ClCompile>
  </ItemGroup>
  <ItemGroup>
    <ClInclude Include="Helpers.h" />
    <ClInclude Include="Main.h" />
    <ClInclude Include="C++\Templates.h" />
    <ClInclude Include="C++\String.h" />
    <ClInclude Include="C++\InterestingLearnings.h" />
    <ClInclude Include="C++\DataStructures.h" />
    <ClInclude Include="C++\Inheritance.h" />
    <ClInclude Include="DataStructures\LinkedList.h" />
    <ClInclude Include="ProblemSolving\Strings.h" />
    <ClInclude Include="ProblemSolving\Arrays.h" />
    <ClInclude Include="ProblemSolving\Recursion.h" />
  </ItemGroup>
  <ItemGroup>
    <ClCompile Include="Main.cpp">
      <Filter>Source Files</Filter>
    </ClCompile>
  </ItemGroup>
</Project>